
Microsoft Visual Studio Solution File, Format Version 12.00
# Visual Studio Version 16
VisualStudioVersion = 16.0.30907.101
MinimumVisualStudioVersion = 10.0.40219.1
Project("{FAE04EC0-301F-11D3-BF4B-00C04F79EFBC}") = "numero", "numero\numero.csproj", "{BD7CFB29-B990-422B-B4AD-33C627AE8E1D}"
EndProject
Global
	GlobalSection(SolutionConfigurationPlatforms) = preSolution
		Debug|Any CPU = Debug|Any CPU
		Release|Any CPU = Release|Any CPU
	EndGlobalSection
	GlobalSection(ProjectConfigurationPlatforms) = postSolution
		{BD7CFB29-B990-422B-B4AD-33C627AE8E1D}.Debug|Any CPU.ActiveCfg = Debug|Any CPU
		{BD7CFB29-B990-422B-B4AD-33C627AE8E1D}.Debug|Any CPU.Build.0 = Debug|Any CPU
		{BD7CFB29-B990-422B-B4AD-33C627AE8E1D}.Release|Any CPU.ActiveCfg = Release|Any CPU
		{BD7CFB29-B990-422B-B4AD-33C627AE8E1D}.Release|Any CPU.Build.0 = Release|Any CPU
	EndGlobalSection
	GlobalSection(SolutionProperties) = preSolution
		HideSolutionNode = FALSE
	EndGlobalSection
	GlobalSection(ExtensibilityGlobals) = postSolution
		SolutionGuid = {E2923919-6B7E-4300-865F-2739089C1F98}
	EndGlobalSection
EndGlobal
